// !$*UTF8*$!
{
	archiveVersion = 1;
	classes = {
	};
	objectVersion = 46;
	objects = {

/* Begin PBXBuildFile section */
		081CF8AA1D34BA600095C5E2 /* AppDelegate.swift in Sources */ = {isa = PBXBuildFile; fileRef = 081CF8A91D34BA600095C5E2 /* AppDelegate.swift */; };
		081CF8AC1D34BA600095C5E2 /* ViewController.swift in Sources */ = {isa = PBXBuildFile; fileRef = 081CF8AB1D34BA600095C5E2 /* ViewController.swift */; };
		081CF8AF1D34BA600095C5E2 /* Main.storyboard in Resources */ = {isa = PBXBuildFile; fileRef = 081CF8AD1D34BA600095C5E2 /* Main.storyboard */; };
		081CF8B11D34BA600095C5E2 /* Assets.xcassets in Resources */ = {isa = PBXBuildFile; fileRef = 081CF8B01D34BA600095C5E2 /* Assets.xcassets */; };
		081CF8B41D34BA600095C5E2 /* LaunchScreen.storyboard in Resources */ = {isa = PBXBuildFile; fileRef = 081CF8B21D34BA600095C5E2 /* LaunchScreen.storyboard */; };
		081CF8BE1D34C8560095C5E2 /* Student.m in Sources */ = {isa = PBXBuildFile; fileRef = 081CF8BD1D34C8560095C5E2 /* Student.m */; };
/* End PBXBuildFile section */

/* Begin PBXFileReference section */
		081CF8A61D34BA600095C5E2 /* MyRunloop.app */ = {isa = PBXFileReference; explicitFileType = wrapper.application; includeInIndex = 0; path = MyRunloop.app; sourceTree = BUILT_PRODUCTS_DIR; };
		081CF8A91D34BA600095C5E2 /* AppDelegate.swift */ = {isa = PBXFileReference; lastKnownFileType = sourcecode.swift; path = AppDelegate.swift; sourceTree = "<group>"; };
		081CF8AB1D34BA600095C5E2 /* ViewController.swift */ = {isa = PBXFileReference; lastKnownFileType = sourcecode.swift; path = ViewController.swift; sourceTree = "<group>"; };
		081CF8AE1D34BA600095C5E2 /* Base */ = {isa = PBXFileReference; lastKnownFileType = file.storyboard; name = Base; path = Base.lproj/Main.storyboard; sourceTree = "<group>"; };
		081CF8B01D34BA600095C5E2 /* Assets.xcassets */ = {isa = PBXFileReference; lastKnownFileType = folder.assetcatalog; path = Assets.xcassets; sourceTree = "<group>"; };
		081CF8B31D34BA600095C5E2 /* Base */ = {isa = PBXFileReference; lastKnownFileType = file.storyboard; name = Base; path = Base.lproj/LaunchScreen.storyboard; sourceTree = "<group>"; };
		081CF8B51D34BA600095C5E2 /* Info.plist */ = {isa = PBXFileReference; lastKnownFileType = text.plist.xml; path = Info.plist; sourceTree = "<group>"; };
		081CF8BB1D34C8550095C5E2 /* MyRunloop-Bridging-Header.h */ = {isa = PBXFileReference; lastKnownFileType = sourcecode.c.h; path = "MyRunloop-Bridging-Header.h"; sourceTree = "<group>"; };
		081CF8BC1D34C8560095C5E2 /* Student.h */ = {isa = PBXFileReference; fileEncoding = 4; lastKnownFileType = sourcecode.c.h; path = Student.h; sourceTree = "<group>"; };
		081CF8BD1D34C8560095C5E2 /* Student.m */ = {isa = PBXFileReference; fileEncoding = 4; lastKnownFileType = sourcecode.c.objc; path = Student.m; sourceTree = "<group>"; };
/* End PBXFileReference section */

/* Begin PBXFrameworksBuildPhase section */
		081CF8A31D34BA600095C5E2 /* Frameworks */ = {
			isa = PBXFrameworksBuildPhase;
			buildActionMask = 2147483647;
			files = (
			);
			runOnlyForDeploymentPostprocessing = 0;
		};
/* End PBXFrameworksBuildPhase section */

/* Begin PBXGroup section */
		081CF89D1D34BA600095C5E2 = {
			isa = PBXGroup;
			children = (
				081CF8A81D34BA600095C5E2 /* MyRunloop */,
				081CF8A71D34BA600095C5E2 /* Products */,
			);
			sourceTree = "<group>";
		};
		081CF8A71D34BA600095C5E2 /* Products */ = {
			isa = PBXGroup;
			children = (
				081CF8A61D34BA600095C5E2 /* MyRunloop.app */,
			);
			name = Products;
			sourceTree = "<group>";
		};
		081CF8A81D34BA600095C5E2 /* MyRunloop */ = {
			isa = PBXGroup;
			children = (
				081CF8A91D34BA600095C5E2 /* AppDelegate.swift */,
				081CF8AB1D34BA600095C5E2 /* ViewController.swift */,
				081CF8AD1D34BA600095C5E2 /* Main.storyboard */,
				081CF8B01D34BA600095C5E2 /* Assets.xcassets */,
				081CF8B21D34BA600095C5E2 /* LaunchScreen.storyboard */,
				081CF8B51D34BA600095C5E2 /* Info.plist */,
				081CF8BC1D34C8560095C5E2 /* Student.h */,
				081CF8BD1D34C8560095C5E2 /* Student.m */,
				081CF8BB1D34C8550095C5E2 /* MyRunloop-Bridging-Header.h */,
			);
			path = MyRunloop;
			sourceTree = "<group>";
		};
/* End PBXGroup section */

/* Begin PBXNativeTarget section */
		081CF8A51D34BA600095C5E2 /* MyRunloop */ = {
			isa = PBXNativeTarget;
			buildConfigurationList = 081CF8B81D34BA600095C5E2 /* Build configuration list for PBXNativeTarget "MyRunloop" */;
			buildPhases = (
				081CF8A21D34BA600095C5E2 /* Sources */,
				081CF8A31D34BA600095C5E2 /* Frameworks */,
				081CF8A41D34BA600095C5E2 /* Resources */,
			);
			buildRules = (
			);
			dependencies = (
			);
			name = MyRunloop;
			productName = MyRunloop;
			productReference = 081CF8A61D34BA600095C5E2 /* MyRunloop.app */;
			productType = "com.apple.product-type.application";
		};
/* End PBXNativeTarget section */

/* Begin PBXProject section */
		081CF89E1D34BA600095C5E2 /* Project object */ = {
			isa = PBXProject;
			attributes = {
				LastSwiftUpdateCheck = 0730;
				LastUpgradeCheck = 0730;
				ORGANIZATIONNAME = ChenJianglin;
				TargetAttributes = {
					081CF8A51D34BA600095C5E2 = {
						CreatedOnToolsVersion = 7.3.1;
					};
				};
			};
			buildConfigurationList = 081CF8A11D34BA600095C5E2 /* Build configuration list for PBXProject "MyRunloop" */;
			compatibilityVersion = "Xcode 3.2";
			developmentRegion = English;
			hasScannedForEncodings = 0;
			knownRegions = (
				en,
				Base,
			);
			mainGroup = 081CF89D1D34BA600095C5E2;
			productRefGroup = 081CF8A71D34BA600095C5E2 /* Products */;
			projectDirPath = "";
			projectRoot = "";
			targets = (
				081CF8A51D34BA600095C5E2 /* MyRunloop */,
			);
		};
/* End PBXProject section */

/* Begin PBXResourcesBuildPhase section */
		081CF8A41D34BA600095C5E2 /* Resources */ = {
			isa = PBXResourcesBuildPhase;
			buildActionMask = 2147483647;
			files = (
				081CF8B41D34BA600095C5E2 /* LaunchScreen.storyboard in Resources */,
				081CF8B11D34BA600095C5E2 /* Assets.xcassets in Resources */,
				081CF8AF1D34BA600095C5E2 /* Main.storyboard in Resources */,
			);
			runOnlyForDeploymentPostprocessing = 0;
		};
/* End PBXResourcesBuildPhase section */

/* Begin PBXSourcesBuildPhase section */
		081CF8A21D34BA600095C5E2 /* Sources */ = {
			isa = PBXSourcesBuildPhase;
			buildActionMask = 2147483647;
			files = (
				081CF8AC1D34BA600095C5E2 /* ViewController.swift in Sources */,
				081CF8AA1D34BA600095C5E2 /* AppDelegate.swift in Sources */,
				081CF8BE1D34C8560095C5E2 /* Student.m in Sources */,
			);
			runOnlyForDeploymentPostprocessing = 0;
		};
/* End PBXSourcesBuildPhase section */

/* Begin PBXVariantGroup section */
		081CF8AD1D34BA600095C5E2 /* Main.storyboard */ = {
			isa = PBXVariantGroup;
			children = (
				081CF8AE1D34BA600095C5E2 /* Base */,
			);
			name = Main.storyboard;
			sourceTree = "<group>";
		};
		081CF8B21D34BA600095C5E2 /* LaunchScreen.storyboard */ = {
			isa = PBXVariantGroup;
			children = (
				081CF8B31D34BA600095C5E2 /* Base */,
			);
			name = LaunchScreen.storyboard;
			sourceTree = "<group>";
		};
/* End PBXVariantGroup section */

/* Begin XCBuildConfiguration section */
		081CF8B61D34BA600095C5E2 /* Debug */ = {
			isa = XCBuildConfiguration;
			buildSettings = {
				ALWAYS_SEARCH_USER_PATHS = NO;
				CLANG_ANALYZER_NONNULL = YES;
				CLANG_CXX_LANGUAGE_STANDARD = "gnu++0x";
				CLANG_CXX_LIBRARY = "libc++";
				CLANG_ENABLE_MODULES = YES;
				CLANG_ENABLE_OBJC_ARC = YES;
				CLANG_WARN_BOOL_CONVERSION = YES;
				CLANG_WARN_CONSTANT_CONVERSION = YES;
				CLANG_WARN_DIRECT_OBJC_ISA_USAGE = YES_ERROR;
				CLANG_WARN_EMPTY_BODY = YES;
				CLANG_WARN_ENUM_CONVERSION = YES;
				CLANG_WARN_INT_CONVERSION = YES;
				CLANG_WARN_OBJC_ROOT_CLASS = YES_ERROR;
				CLANG_WARN_UNREACHABLE_CODE = YES;
				CLANG_WARN__DUPLICATE_METHOD_MATCH = YES;
				"CODE_SIGN_IDENTITY[sdk=iphoneos*]" = "iPhone Developer";
				COPY_PHASE_STRIP = NO;
				DEBUG_INFORMATION_FORMAT = dwarf;
				ENABLE_STRICT_OBJC_MSGSEND = YES;
				ENABLE_TESTABILITY = YES;
				GCC_C_LANGUAGE_STANDARD = gnu99;
				GCC_DYNAMIC_NO_PIC = NO;
				GCC_NO_COMMON_BLOCKS = YES;
				GCC_OPTIMIZATION_LEVEL = 0;
				GCC_PREPROCESSOR_DEFINITIONS = (
					"DEBUG=1",
					"$(inherited)",
				);
				GCC_WARN_64_TO_32_BIT_CONVERSION = YES;
				GCC_WARN_ABOUT_RETURN_TYPE = YES_ERROR;
				GCC_WARN_UNDECLARED_SELECTOR = YES;
				GCC_WARN_UNINITIALIZED_AUTOS = YES_AGGRESSIVE;
				GCC_WARN_UNUSED_FUNCTION = YES;
				GCC_WARN_UNUSED_VARIABLE = YES;
				IPHONEOS_DEPLOYMENT_TARGET = 9.3;
				MTL_ENABLE_DEBUG_INFO = YES;
				ONLY_ACTIVE_ARCH = YES;
				SDKROOT = iphoneos;
				SWIFT_OPTIMIZATION_LEVEL = "-Onone";
			};
			name = Debug;
		};
		081CF8B71D34BA600095C5E2 /* Release */ = {
			isa = XCBuildConfiguration;
			buildSettings = {
				ALWAYS_SEARCH_USER_PATHS = NO;
				CLANG_ANALYZER_NONNULL = YES;
				CLANG_CXX_LANGUAGE_STANDARD = "gnu++0x";
				CLANG_CXX_LIBRARY = "libc++";
				CLANG_ENABLE_MODULES = YES;
				CLANG_ENABLE_OBJC_ARC = YES;
				CLANG_WARN_BOOL_CONVERSION = YES;
				CLANG_WARN_CONSTANT_CONVERSION = YES;
				CLANG_WARN_DIRECT_OBJC_ISA_USAGE = YES_ERROR;
				CLANG_WARN_EMPTY_BODY = YES;
				CLANG_WARN_ENUM_CONVERSION = YES;
				CLANG_WARN_INT_CONVERSION = YES;
				CLANG_WARN_OBJC_ROOT_CLASS = YES_ERROR;
				CLANG_WARN_UNREACHABLE_CODE = YES;
				CLANG_WARN__DUPLICATE_METHOD_MATCH = YES;
				"CODE_SIGN_IDENTITY[sdk=iphoneos*]" = "iPhone Developer";
				COPY_PHASE_STRIP = NO;
				DEBUG_INFORMATION_FORMAT = "dwarf-with-dsym";
				ENABLE_NS_ASSERTIONS = NO;
				ENABLE_STRICT_OBJC_MSGSEND = YES;
				GCC_C_LANGUAGE_STANDARD = gnu99;
				GCC_NO_COMMON_BLOCKS = YES;
				GCC_WARN_64_TO_32_BIT_CONVERSION = YES;
				GCC_WARN_ABOUT_RETURN_TYPE = YES_ERROR;
				GCC_WARN_UNDECLARED_SELECTOR = YES;
				GCC_WARN_UNINITIALIZED_AUTOS = YES_AGGRESSIVE;
				GCC_WARN_UNUSED_FUNCTION = YES;
				GCC_WARN_UNUSED_VARIABLE = YES;
				IPHONEOS_DEPLOYMENT_TARGET = 9.3;
				MTL_ENABLE_DEBUG_INFO = NO;
				SDKROOT = iphoneos;
				VALIDATE_PRODUCT = YES;
			};
			name = Release;
		};
		081CF8B91D34BA600095C5E2 /* Debug */ = {
			isa = XCBuildConfiguration;
			buildSettings = {
				ASSETCATALOG_COMPILER_APPICON_NAME = AppIcon;
				CLANG_ENABLE_MODULES = YES;
				INFOPLIST_FILE = MyRunloop/Info.plist;
				LD_RUNPATH_SEARCH_PATHS = "$(inherited) @executable_path/Frameworks";
				PRODUCT_BUNDLE_IDENTIFIER = com.empty.product.MyRunloop;
				PRODUCT_NAME = "$(TARGET_NAME)";
				SWIFT_OBJC_BRIDGING_HEADER = "MyRunloop/MyRunloop-Bridging-Header.h";
				SWIFT_OPTIMIZATION_LEVEL = "-Onone";
			};
			name = Debug;
		};
		081CF8BA1D34BA600095C5E2 /* Release */ = {
			isa = XCBuildConfiguration;
			buildSettings = {
				ASSETCATALOG_COMPILER_APPICON_NAME = AppIcon;
				CLANG_ENABLE_MODULES = YES;
				INFOPLIST_FILE = MyRunloop/Info.plist;
				LD_RUNPATH_SEARCH_PATHS = "$(inherited) @executable_path/Frameworks";
				PRODUCT_BUNDLE_IDENTIFIER = com.empty.product.MyRunloop;
				PRODUCT_NAME = "$(TARGET_NAME)";
				SWIFT_OBJC_BRIDGING_HEADER = "MyRunloop/MyRunloop-Bridging-Header.h";
			};
			name = Release;
		};
/* End XCBuildConfiguration section */

/* Begin XCConfigurationList section */
		081CF8A11D34BA600095C5E2 /* Build configuration list for PBXProject "MyRunloop" */ = {
			isa = XCConfigurationList;
			buildConfigurations = (
				081CF8B61D34BA600095C5E2 /* Debug */,
				081CF8B71D34BA600095C5E2 /* Release */,
			);
			defaultConfigurationIsVisible = 0;
			defaultConfigurationName = Release;
		};
		081CF8B81D34BA600095C5E2 /* Build configuration list for PBXNativeTarget "MyRunloop" */ = {
			isa = XCConfigurationList;
			buildConfigurations = (
				081CF8B91D34BA600095C5E2 /* Debug */,
				081CF8BA1D34BA600095C5E2 /* Release */,
			);
			defaultConfigurationIsVisible = 0;
			defaultConfigurationName = Release;
		};
/* End XCConfigurationList section */
	};
	rootObject = 081CF89E1D34BA600095C5E2 /* Project object */;
}
